
Microsoft Visual Studio Solution File, Format Version 12.00
# Visual Studio 15
VisualStudioVersion = 15.0.28307.757
MinimumVisualStudioVersion = 10.0.40219.1
Project("{FAE04EC0-301F-11D3-BF4B-00C04F79EFBC}") = "Webserver", "Webserver\Webserver.csproj", "{8EAFF1E3-342A-445C-88FC-44C7B69B2072}"
EndProject
Project("{FAE04EC0-301F-11D3-BF4B-00C04F79EFBC}") = "TestWebserver", "TestWebserver\TestWebserver.csproj", "{9E336527-68E1-481C-AE9A-7053AF9DD3D8}"
EndProject
Global
	GlobalSection(SolutionConfigurationPlatforms) = preSolution
		Debug|Any CPU = Debug|Any CPU
		Release|Any CPU = Release|Any CPU
	EndGlobalSection
	GlobalSection(ProjectConfigurationPlatforms) = postSolution
		{8EAFF1E3-342A-445C-88FC-44C7B69B2072}.Debug|Any CPU.ActiveCfg = Debug|Any CPU
		{8EAFF1E3-342A-445C-88FC-44C7B69B2072}.Debug|Any CPU.Build.0 = Debug|Any CPU
		{8EAFF1E3-342A-445C-88FC-44C7B69B2072}.Release|Any CPU.ActiveCfg = Release|Any CPU
		{8EAFF1E3-342A-445C-88FC-44C7B69B2072}.Release|Any CPU.Build.0 = Release|Any CPU
		{9E336527-68E1-481C-AE9A-7053AF9DD3D8}.Debug|Any CPU.ActiveCfg = Debug|Any CPU
		{9E336527-68E1-481C-AE9A-7053AF9DD3D8}.Debug|Any CPU.Build.0 = Debug|Any CPU
		{9E336527-68E1-481C-AE9A-7053AF9DD3D8}.Release|Any CPU.ActiveCfg = Release|Any CPU
		{9E336527-68E1-481C-AE9A-7053AF9DD3D8}.Release|Any CPU.Build.0 = Release|Any CPU
	EndGlobalSection
	GlobalSection(SolutionProperties) = preSolution
		HideSolutionNode = FALSE
	EndGlobalSection
	GlobalSection(ExtensibilityGlobals) = postSolution
		SolutionGuid = {C6AB7FEC-0C67-4F13-96BB-4C42286C1D9D}
	EndGlobalSection
EndGlobal
